
Microsoft Visual Studio Solution File, Format Version 12.00
# Visual Studio Version 17
VisualStudioVersion = 17.8.34511.84
MinimumVisualStudioVersion = 10.0.40219.1
Project("{FAE04EC0-301F-11D3-BF4B-00C04F79EFBC}") = "eje_12", "eje_12\eje_12.csproj", "{8171E3C8-A050-4EA3-9326-0C4AE7B42772}"
EndProject
Global
	GlobalSection(SolutionConfigurationPlatforms) = preSolution
		Debug|Any CPU = Debug|Any CPU
		Release|Any CPU = Release|Any CPU
	EndGlobalSection
	GlobalSection(ProjectConfigurationPlatforms) = postSolution
		{8171E3C8-A050-4EA3-9326-0C4AE7B42772}.Debug|Any CPU.ActiveCfg = Debug|Any CPU
		{8171E3C8-A050-4EA3-9326-0C4AE7B42772}.Debug|Any CPU.Build.0 = Debug|Any CPU
		{8171E3C8-A050-4EA3-9326-0C4AE7B42772}.Release|Any CPU.ActiveCfg = Release|Any CPU
		{8171E3C8-A050-4EA3-9326-0C4AE7B42772}.Release|Any CPU.Build.0 = Release|Any CPU
	EndGlobalSection
	GlobalSection(SolutionProperties) = preSolution
		HideSolutionNode = FALSE
	EndGlobalSection
	GlobalSection(ExtensibilityGlobals) = postSolution
		SolutionGuid = {7D0F0336-4350-4FA6-94C2-D84E6B8EEF73}
	EndGlobalSection
EndGlobal
